
Microsoft Visual Studio Solution File, Format Version 12.00
# Visual Studio 15
VisualStudioVersion = 15.0.27703.2042
MinimumVisualStudioVersion = 10.0.40219.1
Project("{FAE04EC0-301F-11D3-BF4B-00C04F79EFBC}") = "LearnLanguage", "LearnLanguage\LearnLanguage.csproj", "{15935FE0-6087-460E-8CBC-C2BA234B8AC0}"
EndProject
Global
	GlobalSection(SolutionConfigurationPlatforms) = preSolution
		Debug|Any CPU = Debug|Any CPU
		Release|Any CPU = Release|Any CPU
	EndGlobalSection
	GlobalSection(ProjectConfigurationPlatforms) = postSolution
		{15935FE0-6087-460E-8CBC-C2BA234B8AC0}.Debug|Any CPU.ActiveCfg = Debug|Any CPU
		{15935FE0-6087-460E-8CBC-C2BA234B8AC0}.Debug|Any CPU.Build.0 = Debug|Any CPU
		{15935FE0-6087-460E-8CBC-C2BA234B8AC0}.Release|Any CPU.ActiveCfg = Release|Any CPU
		{15935FE0-6087-460E-8CBC-C2BA234B8AC0}.Release|Any CPU.Build.0 = Release|Any CPU
	EndGlobalSection
	GlobalSection(SolutionProperties) = preSolution
		HideSolutionNode = FALSE
	EndGlobalSection
	GlobalSection(ExtensibilityGlobals) = postSolution
		SolutionGuid = {DE98BD3D-90BD-4C9C-9FDA-56461482D987}
	EndGlobalSection
EndGlobal
